// !$*UTF8*$!
{
	archiveVersion = 1;
	classes = {
	};
	objectVersion = 51;
	objects = {

/* Begin PBXBuildFile section */
		891116C322EF294B00D545A5 /* NSView+DDPTools.m in Sources */ = {isa = PBXBuildFile; fileRef = 891116C122EF294B00D545A5 /* NSView+DDPTools.m */; };
		891116C422EF294B00D545A5 /* NSControl+DDPTools.m in Sources */ = {isa = PBXBuildFile; fileRef = 891116C222EF294B00D545A5 /* NSControl+DDPTools.m */; };
		89148686232B79A4000A5CD5 /* DDPPlayView.m in Sources */ = {isa = PBXBuildFile; fileRef = 89148685232B79A4000A5CD5 /* DDPPlayView.m */; };
		8914868C232B8619000A5CD5 /* DDPPlayTopBar.m in Sources */ = {isa = PBXBuildFile; fileRef = 8914868B232B8619000A5CD5 /* DDPPlayTopBar.m */; };
		8914868E232B8622000A5CD5 /* DDPPlayTopBar.xib in Resources */ = {isa = PBXBuildFile; fileRef = 8914868D232B8622000A5CD5 /* DDPPlayTopBar.xib */; };
		89261D6D23238E4D00A0C372 /* DDPDanmakuManager.m in Sources */ = {isa = PBXBuildFile; fileRef = 89261D6C23238E4D00A0C372 /* DDPDanmakuManager.m */; };
		89352C2E232011DD00399F33 /* DDPBaseMessage+Hook.m in Sources */ = {isa = PBXBuildFile; fileRef = 89352C2D232011DD00399F33 /* DDPBaseMessage+Hook.m */; };
		893596AD22EF2C1200F3CA1E /* DDPPlayerSlider.m in Sources */ = {isa = PBXBuildFile; fileRef = 893596AC22EF2C1200F3CA1E /* DDPPlayerSlider.m */; };
		893596B122EF2E1000F3CA1E /* DDPPlayerControlView.xib in Resources */ = {isa = PBXBuildFile; fileRef = 893596B022EF2E1000F3CA1E /* DDPPlayerControlView.xib */; };
		897803D82336046200B38ACE /* DDPProgressIndicator.m in Sources */ = {isa = PBXBuildFile; fileRef = 897803D72336046200B38ACE /* DDPProgressIndicator.m */; };
		8978044123368E8300B38ACE /* DDPHUD.xib in Resources */ = {isa = PBXBuildFile; fileRef = 8978044023368E8300B38ACE /* DDPHUD.xib */; };
		897B4A6E22ED716400B910BD /* DDPPlayerControlView.m in Sources */ = {isa = PBXBuildFile; fileRef = 897B4A6B22ED716400B910BD /* DDPPlayerControlView.m */; };
		897B4A9722ED749500B910BD /* DDPMediaPlayer.m in Sources */ = {isa = PBXBuildFile; fileRef = 897B4A9522ED749500B910BD /* DDPMediaPlayer.m */; };
		897B5F3223325F5D00BAAB6F /* DDPDanmakuColorMenuItem.m in Sources */ = {isa = PBXBuildFile; fileRef = 897B5F3023325F5D00BAAB6F /* DDPDanmakuColorMenuItem.m */; };
		897B5F3523325F8D00BAAB6F /* NSColor+DDPTools.m in Sources */ = {isa = PBXBuildFile; fileRef = 897B5F3423325F8D00BAAB6F /* NSColor+DDPTools.m */; };
		897B5F382332634C00BAAB6F /* danmaku_color.plist in Resources */ = {isa = PBXBuildFile; fileRef = 897B5F372332634C00BAAB6F /* danmaku_color.plist */; };
		897B5F3B2332652B00BAAB6F /* DDPDanmakuModeMenuItem.m in Sources */ = {isa = PBXBuildFile; fileRef = 897B5F3A2332652B00BAAB6F /* DDPDanmakuModeMenuItem.m */; };
		8985822A23530D43005D5BA5 /* DDPPlayerListView.m in Sources */ = {isa = PBXBuildFile; fileRef = 8985822923530D43005D5BA5 /* DDPPlayerListView.m */; };
		8985822C23530D4C005D5BA5 /* DDPPlayerListView.xib in Resources */ = {isa = PBXBuildFile; fileRef = 8985822B23530D4C005D5BA5 /* DDPPlayerListView.xib */; };
		8985823123530E24005D5BA5 /* DDPPlayerTableCellView.m in Sources */ = {isa = PBXBuildFile; fileRef = 8985823023530E24005D5BA5 /* DDPPlayerTableCellView.m */; };
		8985823323530E40005D5BA5 /* DDPPlayerTableCellView.xib in Resources */ = {isa = PBXBuildFile; fileRef = 8985823223530E40005D5BA5 /* DDPPlayerTableCellView.xib */; };
		89881620232BCF4A0003D159 /* DDPHUD.m in Sources */ = {isa = PBXBuildFile; fileRef = 8988161F232BCF4A0003D159 /* DDPHUD.m */; };
		8988168F232BDE9C0003D159 /* DDPTextField.m in Sources */ = {isa = PBXBuildFile; fileRef = 8988168E232BDE9C0003D159 /* DDPTextField.m */; };
		898F403122ECA5A800C082BF /* AppDelegate.m in Sources */ = {isa = PBXBuildFile; fileRef = 898F403022ECA5A800C082BF /* AppDelegate.m */; };
		898F403622ECA5A900C082BF /* Assets.xcassets in Resources */ = {isa = PBXBuildFile; fileRef = 898F403522ECA5A900C082BF /* Assets.xcassets */; };
		898F403922ECA5A900C082BF /* Main.storyboard in Resources */ = {isa = PBXBuildFile; fileRef = 898F403722ECA5A900C082BF /* Main.storyboard */; };
		898F403C22ECA5A900C082BF /* main.m in Sources */ = {isa = PBXBuildFile; fileRef = 898F403B22ECA5A900C082BF /* main.m */; };
		898F404622ECA5C700C082BF /* DDPPlayViewController.m in Sources */ = {isa = PBXBuildFile; fileRef = 898F404422ECA5C700C082BF /* DDPPlayViewController.m */; };
		898F404722ECA5C700C082BF /* DDPPlayViewController.xib in Resources */ = {isa = PBXBuildFile; fileRef = 898F404522ECA5C700C082BF /* DDPPlayViewController.xib */; };
		898F404B22ECA5EB00C082BF /* DDPWindowController.m in Sources */ = {isa = PBXBuildFile; fileRef = 898F404A22ECA5EB00C082BF /* DDPWindowController.m */; };
		89A8E2072324BA2000F8F161 /* JHBaseDanmaku+DDPTools.m in Sources */ = {isa = PBXBuildFile; fileRef = 89A8E2062324BA2000F8F161 /* JHBaseDanmaku+DDPTools.m */; };
		89E86DDE234E2FA5008B9409 /* DDPPlayerMessage+DDPTools.m in Sources */ = {isa = PBXBuildFile; fileRef = 89E86DDD234E2FA5008B9409 /* DDPPlayerMessage+DDPTools.m */; };
		C929D88E7B569BE22F239896 /* libPods-DDPlayMacPlayer.a in Frameworks */ = {isa = PBXBuildFile; fileRef = BD686B6BE03AD278E5241266 /* libPods-DDPlayMacPlayer.a */; };
/* End PBXBuildFile section */

/* Begin PBXFileReference section */
		57485024FC38AE686741EC55 /* Pods-DDPlayMacPlayer.release.xcconfig */ = {isa = PBXFileReference; includeInIndex = 1; lastKnownFileType = text.xcconfig; name = "Pods-DDPlayMacPlayer.release.xcconfig"; path = "Target Support Files/Pods-DDPlayMacPlayer/Pods-DDPlayMacPlayer.release.xcconfig"; sourceTree = "<group>"; };
		891116BF22EF294B00D545A5 /* NSView+DDPTools.h */ = {isa = PBXFileReference; fileEncoding = 4; lastKnownFileType = sourcecode.c.h; path = "NSView+DDPTools.h"; sourceTree = "<group>"; };
		891116C022EF294B00D545A5 /* NSControl+DDPTools.h */ = {isa = PBXFileReference; fileEncoding = 4; lastKnownFileType = sourcecode.c.h; path = "NSControl+DDPTools.h"; sourceTree = "<group>"; };
		891116C122EF294B00D545A5 /* NSView+DDPTools.m */ = {isa = PBXFileReference; fileEncoding = 4; lastKnownFileType = sourcecode.c.objc; path = "NSView+DDPTools.m"; sourceTree = "<group>"; };
		891116C222EF294B00D545A5 /* NSControl+DDPTools.m */ = {isa = PBXFileReference; fileEncoding = 4; lastKnownFileType = sourcecode.c.objc; path = "NSControl+DDPTools.m"; sourceTree = "<group>"; };
		89148684232B79A4000A5CD5 /* DDPPlayView.h */ = {isa = PBXFileReference; lastKnownFileType = sourcecode.c.h; path = DDPPlayView.h; sourceTree = "<group>"; };
		89148685232B79A4000A5CD5 /* DDPPlayView.m */ = {isa = PBXFileReference; lastKnownFileType = sourcecode.c.objc; path = DDPPlayView.m; sourceTree = "<group>"; };
		8914868A232B8619000A5CD5 /* DDPPlayTopBar.h */ = {isa = PBXFileReference; lastKnownFileType = sourcecode.c.h; path = DDPPlayTopBar.h; sourceTree = "<group>"; };
		8914868B232B8619000A5CD5 /* DDPPlayTopBar.m */ = {isa = PBXFileReference; lastKnownFileType = sourcecode.c.objc; path = DDPPlayTopBar.m; sourceTree = "<group>"; };
		8914868D232B8622000A5CD5 /* DDPPlayTopBar.xib */ = {isa = PBXFileReference; lastKnownFileType = file.xib; path = DDPPlayTopBar.xib; sourceTree = "<group>"; };
		89261D6B23238E4D00A0C372 /* DDPDanmakuManager.h */ = {isa = PBXFileReference; lastKnownFileType = sourcecode.c.h; path = DDPDanmakuManager.h; sourceTree = "<group>"; };
		89261D6C23238E4D00A0C372 /* DDPDanmakuManager.m */ = {isa = PBXFileReference; lastKnownFileType = sourcecode.c.objc; path = DDPDanmakuManager.m; sourceTree = "<group>"; };
		89352C2C232011DD00399F33 /* DDPBaseMessage+Hook.h */ = {isa = PBXFileReference; lastKnownFileType = sourcecode.c.h; path = "DDPBaseMessage+Hook.h"; sourceTree = "<group>"; };
		89352C2D232011DD00399F33 /* DDPBaseMessage+Hook.m */ = {isa = PBXFileReference; lastKnownFileType = sourcecode.c.objc; path = "DDPBaseMessage+Hook.m"; sourceTree = "<group>"; };
		893596AB22EF2C1200F3CA1E /* DDPPlayerSlider.h */ = {isa = PBXFileReference; fileEncoding = 4; lastKnownFileType = sourcecode.c.h; path = DDPPlayerSlider.h; sourceTree = "<group>"; };
		893596AC22EF2C1200F3CA1E /* DDPPlayerSlider.m */ = {isa = PBXFileReference; fileEncoding = 4; lastKnownFileType = sourcecode.c.objc; path = DDPPlayerSlider.m; sourceTree = "<group>"; };
		893596B022EF2E1000F3CA1E /* DDPPlayerControlView.xib */ = {isa = PBXFileReference; fileEncoding = 4; lastKnownFileType = file.xib; path = DDPPlayerControlView.xib; sourceTree = "<group>"; };
		897803D62336046200B38ACE /* DDPProgressIndicator.h */ = {isa = PBXFileReference; lastKnownFileType = sourcecode.c.h; path = DDPProgressIndicator.h; sourceTree = "<group>"; };
		897803D72336046200B38ACE /* DDPProgressIndicator.m */ = {isa = PBXFileReference; lastKnownFileType = sourcecode.c.objc; path = DDPProgressIndicator.m; sourceTree = "<group>"; };
		8978044023368E8300B38ACE /* DDPHUD.xib */ = {isa = PBXFileReference; fileEncoding = 4; lastKnownFileType = file.xib; path = DDPHUD.xib; sourceTree = "<group>"; };
		897B4A6B22ED716400B910BD /* DDPPlayerControlView.m */ = {isa = PBXFileReference; fileEncoding = 4; lastKnownFileType = sourcecode.c.objc; path = DDPPlayerControlView.m; sourceTree = "<group>"; };
		897B4A6C22ED716400B910BD /* DDPPlayerControlView.h */ = {isa = PBXFileReference; fileEncoding = 4; lastKnownFileType = sourcecode.c.h; path = DDPPlayerControlView.h; sourceTree = "<group>"; };
		897B4A9522ED749500B910BD /* DDPMediaPlayer.m */ = {isa = PBXFileReference; fileEncoding = 4; lastKnownFileType = sourcecode.c.objc; path = DDPMediaPlayer.m; sourceTree = "<group>"; };
		897B4A9622ED749500B910BD /* DDPMediaPlayer.h */ = {isa = PBXFileReference; fileEncoding = 4; lastKnownFileType = sourcecode.c.h; path = DDPMediaPlayer.h; sourceTree = "<group>"; };
		897B4A9922ED74E900B910BD /* DDPMacroDefinition.h */ = {isa = PBXFileReference; lastKnownFileType = sourcecode.c.h; path = DDPMacroDefinition.h; sourceTree = "<group>"; };
		897B4A9A22ED74FE00B910BD /* DDPPrefixHeader.pch */ = {isa = PBXFileReference; lastKnownFileType = sourcecode.c.h; path = DDPPrefixHeader.pch; sourceTree = "<group>"; };
		897B5F3023325F5D00BAAB6F /* DDPDanmakuColorMenuItem.m */ = {isa = PBXFileReference; fileEncoding = 4; lastKnownFileType = sourcecode.c.objc; path = DDPDanmakuColorMenuItem.m; sourceTree = "<group>"; };
		897B5F3123325F5D00BAAB6F /* DDPDanmakuColorMenuItem.h */ = {isa = PBXFileReference; fileEncoding = 4; lastKnownFileType = sourcecode.c.h; path = DDPDanmakuColorMenuItem.h; sourceTree = "<group>"; };
		897B5F3323325F8D00BAAB6F /* NSColor+DDPTools.h */ = {isa = PBXFileReference; lastKnownFileType = sourcecode.c.h; path = "NSColor+DDPTools.h"; sourceTree = "<group>"; };
		897B5F3423325F8D00BAAB6F /* NSColor+DDPTools.m */ = {isa = PBXFileReference; lastKnownFileType = sourcecode.c.objc; path = "NSColor+DDPTools.m"; sourceTree = "<group>"; };
		897B5F372332634C00BAAB6F /* danmaku_color.plist */ = {isa = PBXFileReference; fileEncoding = 4; lastKnownFileType = text.plist.xml; path = danmaku_color.plist; sourceTree = "<group>"; };
		897B5F392332652B00BAAB6F /* DDPDanmakuModeMenuItem.h */ = {isa = PBXFileReference; fileEncoding = 4; lastKnownFileType = sourcecode.c.h; path = DDPDanmakuModeMenuItem.h; sourceTree = "<group>"; };
		897B5F3A2332652B00BAAB6F /* DDPDanmakuModeMenuItem.m */ = {isa = PBXFileReference; fileEncoding = 4; lastKnownFileType = sourcecode.c.objc; path = DDPDanmakuModeMenuItem.m; sourceTree = "<group>"; };
		8985822823530D43005D5BA5 /* DDPPlayerListView.h */ = {isa = PBXFileReference; lastKnownFileType = sourcecode.c.h; path = DDPPlayerListView.h; sourceTree = "<group>"; };
		8985822923530D43005D5BA5 /* DDPPlayerListView.m */ = {isa = PBXFileReference; lastKnownFileType = sourcecode.c.objc; path = DDPPlayerListView.m; sourceTree = "<group>"; };
		8985822B23530D4C005D5BA5 /* DDPPlayerListView.xib */ = {isa = PBXFileReference; lastKnownFileType = file.xib; path = DDPPlayerListView.xib; sourceTree = "<group>"; };
		8985822F23530E24005D5BA5 /* DDPPlayerTableCellView.h */ = {isa = PBXFileReference; lastKnownFileType = sourcecode.c.h; path = DDPPlayerTableCellView.h; sourceTree = "<group>"; };
		8985823023530E24005D5BA5 /* DDPPlayerTableCellView.m */ = {isa = PBXFileReference; lastKnownFileType = sourcecode.c.objc; path = DDPPlayerTableCellView.m; sourceTree = "<group>"; };
		8985823223530E40005D5BA5 /* DDPPlayerTableCellView.xib */ = {isa = PBXFileReference; lastKnownFileType = file.xib; path = DDPPlayerTableCellView.xib; sourceTree = "<group>"; };
		8988161E232BCF4A0003D159 /* DDPHUD.h */ = {isa = PBXFileReference; lastKnownFileType = sourcecode.c.h; path = DDPHUD.h; sourceTree = "<group>"; };
		8988161F232BCF4A0003D159 /* DDPHUD.m */ = {isa = PBXFileReference; lastKnownFileType = sourcecode.c.objc; path = DDPHUD.m; sourceTree = "<group>"; };
		8988168D232BDE9C0003D159 /* DDPTextField.h */ = {isa = PBXFileReference; lastKnownFileType = sourcecode.c.h; path = DDPTextField.h; sourceTree = "<group>"; };
		8988168E232BDE9C0003D159 /* DDPTextField.m */ = {isa = PBXFileReference; lastKnownFileType = sourcecode.c.objc; path = DDPTextField.m; sourceTree = "<group>"; };
		898F402C22ECA5A800C082BF /* DDPlayMacPlayer.app */ = {isa = PBXFileReference; explicitFileType = wrapper.application; includeInIndex = 0; path = DDPlayMacPlayer.app; sourceTree = BUILT_PRODUCTS_DIR; };
		898F402F22ECA5A800C082BF /* AppDelegate.h */ = {isa = PBXFileReference; lastKnownFileType = sourcecode.c.h; path = AppDelegate.h; sourceTree = "<group>"; };
		898F403022ECA5A800C082BF /* AppDelegate.m */ = {isa = PBXFileReference; lastKnownFileType = sourcecode.c.objc; path = AppDelegate.m; sourceTree = "<group>"; };
		898F403522ECA5A900C082BF /* Assets.xcassets */ = {isa = PBXFileReference; lastKnownFileType = folder.assetcatalog; path = Assets.xcassets; sourceTree = "<group>"; };
		898F403822ECA5A900C082BF /* Base */ = {isa = PBXFileReference; lastKnownFileType = file.storyboard; name = Base; path = Base.lproj/Main.storyboard; sourceTree = "<group>"; };
		898F403A22ECA5A900C082BF /* Info.plist */ = {isa = PBXFileReference; lastKnownFileType = text.plist.xml; path = Info.plist; sourceTree = "<group>"; };
		898F403B22ECA5A900C082BF /* main.m */ = {isa = PBXFileReference; lastKnownFileType = sourcecode.c.objc; path = main.m; sourceTree = "<group>"; };
		898F403D22ECA5A900C082BF /* DDPlayMacPlayer.entitlements */ = {isa = PBXFileReference; lastKnownFileType = text.plist.entitlements; path = DDPlayMacPlayer.entitlements; sourceTree = "<group>"; };
		898F404322ECA5C700C082BF /* DDPPlayViewController.h */ = {isa = PBXFileReference; lastKnownFileType = sourcecode.c.h; path = DDPPlayViewController.h; sourceTree = "<group>"; };
		898F404422ECA5C700C082BF /* DDPPlayViewController.m */ = {isa = PBXFileReference; lastKnownFileType = sourcecode.c.objc; path = DDPPlayViewController.m; sourceTree = "<group>"; };
		898F404522ECA5C700C082BF /* DDPPlayViewController.xib */ = {isa = PBXFileReference; lastKnownFileType = file.xib; path = DDPPlayViewController.xib; sourceTree = "<group>"; };
		898F404922ECA5EB00C082BF /* DDPWindowController.h */ = {isa = PBXFileReference; lastKnownFileType = sourcecode.c.h; path = DDPWindowController.h; sourceTree = "<group>"; };
		898F404A22ECA5EB00C082BF /* DDPWindowController.m */ = {isa = PBXFileReference; lastKnownFileType = sourcecode.c.objc; path = DDPWindowController.m; sourceTree = "<group>"; };
		89A8E2052324BA2000F8F161 /* JHBaseDanmaku+DDPTools.h */ = {isa = PBXFileReference; lastKnownFileType = sourcecode.c.h; path = "JHBaseDanmaku+DDPTools.h"; sourceTree = "<group>"; };
		89A8E2062324BA2000F8F161 /* JHBaseDanmaku+DDPTools.m */ = {isa = PBXFileReference; lastKnownFileType = sourcecode.c.objc; path = "JHBaseDanmaku+DDPTools.m"; sourceTree = "<group>"; };
		89E86DDC234E2FA5008B9409 /* DDPPlayerMessage+DDPTools.h */ = {isa = PBXFileReference; lastKnownFileType = sourcecode.c.h; path = "DDPPlayerMessage+DDPTools.h"; sourceTree = "<group>"; };
		89E86DDD234E2FA5008B9409 /* DDPPlayerMessage+DDPTools.m */ = {isa = PBXFileReference; lastKnownFileType = sourcecode.c.objc; path = "DDPPlayerMessage+DDPTools.m"; sourceTree = "<group>"; };
		AF5E03536CF8487F6EF66DD2 /* Pods-DDPlayMacPlayer.debug.xcconfig */ = {isa = PBXFileReference; includeInIndex = 1; lastKnownFileType = text.xcconfig; name = "Pods-DDPlayMacPlayer.debug.xcconfig"; path = "Target Support Files/Pods-DDPlayMacPlayer/Pods-DDPlayMacPlayer.debug.xcconfig"; sourceTree = "<group>"; };
		BD686B6BE03AD278E5241266 /* libPods-DDPlayMacPlayer.a */ = {isa = PBXFileReference; explicitFileType = archive.ar; includeInIndex = 0; path = "libPods-DDPlayMacPlayer.a"; sourceTree = BUILT_PRODUCTS_DIR; };
/* End PBXFileReference section */

/* Begin PBXFrameworksBuildPhase section */
		898F402922ECA5A800C082BF /* Frameworks */ = {
			isa = PBXFrameworksBuildPhase;
			buildActionMask = 2147483647;
			files = (
				C929D88E7B569BE22F239896 /* libPods-DDPlayMacPlayer.a in Frameworks */,
			);
			runOnlyForDeploymentPostprocessing = 0;
		};
/* End PBXFrameworksBuildPhase section */

/* Begin PBXGroup section */
		77F9EB2CBB9C6CE498C62D5E /* Pods */ = {
			isa = PBXGroup;
			children = (
				AF5E03536CF8487F6EF66DD2 /* Pods-DDPlayMacPlayer.debug.xcconfig */,
				57485024FC38AE686741EC55 /* Pods-DDPlayMacPlayer.release.xcconfig */,
			);
			path = Pods;
			sourceTree = "<group>";
		};
		891116BE22EF294B00D545A5 /* Category */ = {
			isa = PBXGroup;
			children = (
				891116C022EF294B00D545A5 /* NSControl+DDPTools.h */,
				891116C222EF294B00D545A5 /* NSControl+DDPTools.m */,
				891116BF22EF294B00D545A5 /* NSView+DDPTools.h */,
				891116C122EF294B00D545A5 /* NSView+DDPTools.m */,
				89A8E2052324BA2000F8F161 /* JHBaseDanmaku+DDPTools.h */,
				89A8E2062324BA2000F8F161 /* JHBaseDanmaku+DDPTools.m */,
				897B5F3323325F8D00BAAB6F /* NSColor+DDPTools.h */,
				897B5F3423325F8D00BAAB6F /* NSColor+DDPTools.m */,
				89E86DDC234E2FA5008B9409 /* DDPPlayerMessage+DDPTools.h */,
				89E86DDD234E2FA5008B9409 /* DDPPlayerMessage+DDPTools.m */,
			);
			path = Category;
			sourceTree = "<group>";
		};
		893596A722EF2BE400F3CA1E /* View */ = {
			isa = PBXGroup;
			children = (
			);
			path = View;
			sourceTree = "<group>";
		};
		897B4A6A22ED716400B910BD /* View */ = {
			isa = PBXGroup;
			children = (
				8985822D23530E07005D5BA5 /* PlayerList */,
				897B5F3123325F5D00BAAB6F /* DDPDanmakuColorMenuItem.h */,
				897B5F3023325F5D00BAAB6F /* DDPDanmakuColorMenuItem.m */,
				897B5F392332652B00BAAB6F /* DDPDanmakuModeMenuItem.h */,
				897B5F3A2332652B00BAAB6F /* DDPDanmakuModeMenuItem.m */,
				893596AB22EF2C1200F3CA1E /* DDPPlayerSlider.h */,
				893596AC22EF2C1200F3CA1E /* DDPPlayerSlider.m */,
				897B4A6C22ED716400B910BD /* DDPPlayerControlView.h */,
				897B4A6B22ED716400B910BD /* DDPPlayerControlView.m */,
				893596B022EF2E1000F3CA1E /* DDPPlayerControlView.xib */,
				89148684232B79A4000A5CD5 /* DDPPlayView.h */,
				89148685232B79A4000A5CD5 /* DDPPlayView.m */,
				8914868A232B8619000A5CD5 /* DDPPlayTopBar.h */,
				8914868B232B8619000A5CD5 /* DDPPlayTopBar.m */,
				8914868D232B8622000A5CD5 /* DDPPlayTopBar.xib */,
				8988161E232BCF4A0003D159 /* DDPHUD.h */,
				8988161F232BCF4A0003D159 /* DDPHUD.m */,
				8978044023368E8300B38ACE /* DDPHUD.xib */,
				8988168D232BDE9C0003D159 /* DDPTextField.h */,
				8988168E232BDE9C0003D159 /* DDPTextField.m */,
				897803D62336046200B38ACE /* DDPProgressIndicator.h */,
				897803D72336046200B38ACE /* DDPProgressIndicator.m */,
			);
			path = View;
			sourceTree = "<group>";
		};
		897B4A9422ED749500B910BD /* DDPMediaPlayer */ = {
			isa = PBXGroup;
			children = (
				897B4A9622ED749500B910BD /* DDPMediaPlayer.h */,
				897B4A9522ED749500B910BD /* DDPMediaPlayer.m */,
			);
			path = DDPMediaPlayer;
			sourceTree = "<group>";
		};
		897B4A9822ED74E100B910BD /* Config */ = {
			isa = PBXGroup;
			children = (
				897B4A9A22ED74FE00B910BD /* DDPPrefixHeader.pch */,
				897B4A9922ED74E900B910BD /* DDPMacroDefinition.h */,
			);
			path = Config;
			sourceTree = "<group>";
		};
		897B4AF322EDF25A00B910BD /* Model */ = {
			isa = PBXGroup;
			children = (
				897DEFEA231EB91800F1424E /* ToiOS */,
			);
			path = Model;
			sourceTree = "<group>";
		};
		897B4AF722EDF39B00B910BD /* Tools */ = {
			isa = PBXGroup;
			children = (
				891116BE22EF294B00D545A5 /* Category */,
				89261D6B23238E4D00A0C372 /* DDPDanmakuManager.h */,
				89261D6C23238E4D00A0C372 /* DDPDanmakuManager.m */,
			);
			path = Tools;
			sourceTree = "<group>";
		};
		897B5F362332634200BAAB6F /* Resource */ = {
			isa = PBXGroup;
			children = (
				897B5F372332634C00BAAB6F /* danmaku_color.plist */,
			);
			path = Resource;
			sourceTree = "<group>";
		};
		897DEFEA231EB91800F1424E /* ToiOS */ = {
			isa = PBXGroup;
			children = (
				89352C2C232011DD00399F33 /* DDPBaseMessage+Hook.h */,
				89352C2D232011DD00399F33 /* DDPBaseMessage+Hook.m */,
			);
			path = ToiOS;
			sourceTree = "<group>";
		};
		8985822D23530E07005D5BA5 /* PlayerList */ = {
			isa = PBXGroup;
			children = (
				8985822E23530E10005D5BA5 /* View */,
				8985822823530D43005D5BA5 /* DDPPlayerListView.h */,
				8985822923530D43005D5BA5 /* DDPPlayerListView.m */,
				8985822B23530D4C005D5BA5 /* DDPPlayerListView.xib */,
			);
			path = PlayerList;
			sourceTree = "<group>";
		};
		8985822E23530E10005D5BA5 /* View */ = {
			isa = PBXGroup;
			children = (
				8985822F23530E24005D5BA5 /* DDPPlayerTableCellView.h */,
				8985823023530E24005D5BA5 /* DDPPlayerTableCellView.m */,
				8985823223530E40005D5BA5 /* DDPPlayerTableCellView.xib */,
			);
			path = View;
			sourceTree = "<group>";
		};
		898F402322ECA5A800C082BF = {
			isa = PBXGroup;
			children = (
				898F402E22ECA5A800C082BF /* DDPlayMacPlayer */,
				898F402D22ECA5A800C082BF /* Products */,
				77F9EB2CBB9C6CE498C62D5E /* Pods */,
				C8B90D97E31AE4419B510A96 /* Frameworks */,
			);
			sourceTree = "<group>";
		};
		898F402D22ECA5A800C082BF /* Products */ = {
			isa = PBXGroup;
			children = (
				898F402C22ECA5A800C082BF /* DDPlayMacPlayer.app */,
			);
			name = Products;
			sourceTree = "<group>";
		};
		898F402E22ECA5A800C082BF /* DDPlayMacPlayer */ = {
			isa = PBXGroup;
			children = (
				898F402F22ECA5A800C082BF /* AppDelegate.h */,
				898F403022ECA5A800C082BF /* AppDelegate.m */,
				898F403522ECA5A900C082BF /* Assets.xcassets */,
				897B4A9822ED74E100B910BD /* Config */,
				898F403D22ECA5A900C082BF /* DDPlayMacPlayer.entitlements */,
				898F404922ECA5EB00C082BF /* DDPWindowController.h */,
				898F404A22ECA5EB00C082BF /* DDPWindowController.m */,
				898F403A22ECA5A900C082BF /* Info.plist */,
				898F403B22ECA5A900C082BF /* main.m */,
				898F403722ECA5A900C082BF /* Main.storyboard */,
				897B4AF322EDF25A00B910BD /* Model */,
				898F404822ECA5CB00C082BF /* Player */,
				897B5F362332634200BAAB6F /* Resource */,
				897B4AF722EDF39B00B910BD /* Tools */,
				893596A722EF2BE400F3CA1E /* View */,
			);
			path = DDPlayMacPlayer;
			sourceTree = "<group>";
		};
		898F404822ECA5CB00C082BF /* Player */ = {
			isa = PBXGroup;
			children = (
				897B4A9422ED749500B910BD /* DDPMediaPlayer */,
				897B4A6A22ED716400B910BD /* View */,
				898F404322ECA5C700C082BF /* DDPPlayViewController.h */,
				898F404422ECA5C700C082BF /* DDPPlayViewController.m */,
				898F404522ECA5C700C082BF /* DDPPlayViewController.xib */,
			);
			path = Player;
			sourceTree = "<group>";
		};
		C8B90D97E31AE4419B510A96 /* Frameworks */ = {
			isa = PBXGroup;
			children = (
				BD686B6BE03AD278E5241266 /* libPods-DDPlayMacPlayer.a */,
			);
			name = Frameworks;
			sourceTree = "<group>";
		};
/* End PBXGroup section */

/* Begin PBXNativeTarget section */
		898F402B22ECA5A800C082BF /* DDPlayMacPlayer */ = {
			isa = PBXNativeTarget;
			buildConfigurationList = 898F404022ECA5A900C082BF /* Build configuration list for PBXNativeTarget "DDPlayMacPlayer" */;
			buildPhases = (
				5BAC324596204B43CB02912F /* [CP] Check Pods Manifest.lock */,
				898F402822ECA5A800C082BF /* Sources */,
				898F402922ECA5A800C082BF /* Frameworks */,
				898F402A22ECA5A800C082BF /* Resources */,
				C0FBFDB9FBA52C179CD9DA0A /* [CP] Embed Pods Frameworks */,
			);
			buildRules = (
			);
			dependencies = (
			);
			name = DDPlayMacPlayer;
			productName = DDPlayMacPlayer;
			productReference = 898F402C22ECA5A800C082BF /* DDPlayMacPlayer.app */;
			productType = "com.apple.product-type.application";
		};
/* End PBXNativeTarget section */

/* Begin PBXProject section */
		898F402422ECA5A800C082BF /* Project object */ = {
			isa = PBXProject;
			attributes = {
				LastUpgradeCheck = 1100;
				ORGANIZATIONNAME = JimHuang;
				TargetAttributes = {
					898F402B22ECA5A800C082BF = {
						CreatedOnToolsVersion = 10.2.1;
						SystemCapabilities = {
							com.apple.Sandbox = {
								enabled = 0;
							};
						};
					};
				};
			};
			buildConfigurationList = 898F402722ECA5A800C082BF /* Build configuration list for PBXProject "DDPlayMacPlayer" */;
			compatibilityVersion = "Xcode 9.3";
			developmentRegion = en;
			hasScannedForEncodings = 0;
			knownRegions = (
				en,
				Base,
			);
			mainGroup = 898F402322ECA5A800C082BF;
			productRefGroup = 898F402D22ECA5A800C082BF /* Products */;
			projectDirPath = "";
			projectRoot = "";
			targets = (
				898F402B22ECA5A800C082BF /* DDPlayMacPlayer */,
			);
		};
/* End PBXProject section */

/* Begin PBXResourcesBuildPhase section */
		898F402A22ECA5A800C082BF /* Resources */ = {
			isa = PBXResourcesBuildPhase;
			buildActionMask = 2147483647;
			files = (
				898F404722ECA5C700C082BF /* DDPPlayViewController.xib in Resources */,
				898F403622ECA5A900C082BF /* Assets.xcassets in Resources */,
				8985823323530E40005D5BA5 /* DDPPlayerTableCellView.xib in Resources */,
				8985822C23530D4C005D5BA5 /* DDPPlayerListView.xib in Resources */,
				8914868E232B8622000A5CD5 /* DDPPlayTopBar.xib in Resources */,
				8978044123368E8300B38ACE /* DDPHUD.xib in Resources */,
				893596B122EF2E1000F3CA1E /* DDPPlayerControlView.xib in Resources */,
				898F403922ECA5A900C082BF /* Main.storyboard in Resources */,
				897B5F382332634C00BAAB6F /* danmaku_color.plist in Resources */,
			);
			runOnlyForDeploymentPostprocessing = 0;
		};
/* End PBXResourcesBuildPhase section */

/* Begin PBXShellScriptBuildPhase section */
		5BAC324596204B43CB02912F /* [CP] Check Pods Manifest.lock */ = {
			isa = PBXShellScriptBuildPhase;
			buildActionMask = 2147483647;
			files = (
			);
			inputFileListPaths = (
			);
			inputPaths = (
				"${PODS_PODFILE_DIR_PATH}/Podfile.lock",
				"${PODS_ROOT}/Manifest.lock",
			);
			name = "[CP] Check Pods Manifest.lock";
			outputFileListPaths = (
			);
			outputPaths = (
				"$(DERIVED_FILE_DIR)/Pods-DDPlayMacPlayer-checkManifestLockResult.txt",
			);
			runOnlyForDeploymentPostprocessing = 0;
			shellPath = /bin/sh;
			shellScript = "diff \"${PODS_PODFILE_DIR_PATH}/Podfile.lock\" \"${PODS_ROOT}/Manifest.lock\" > /dev/null\nif [ $? != 0 ] ; then\n    # print error to STDERR\n    echo \"error: The sandbox is not in sync with the Podfile.lock. Run 'pod install' or update your CocoaPods installation.\" >&2\n    exit 1\nfi\n# This output is used by Xcode 'outputs' to avoid re-running this script phase.\necho \"SUCCESS\" > \"${SCRIPT_OUTPUT_FILE_0}\"\n";
			showEnvVarsInLog = 0;
		};
		C0FBFDB9FBA52C179CD9DA0A /* [CP] Embed Pods Frameworks */ = {
			isa = PBXShellScriptBuildPhase;
			buildActionMask = 2147483647;
			files = (
			);
			inputFileListPaths = (
				"${PODS_ROOT}/Target Support Files/Pods-DDPlayMacPlayer/Pods-DDPlayMacPlayer-frameworks-${CONFIGURATION}-input-files.xcfilelist",
			);
			name = "[CP] Embed Pods Frameworks";
			outputFileListPaths = (
				"${PODS_ROOT}/Target Support Files/Pods-DDPlayMacPlayer/Pods-DDPlayMacPlayer-frameworks-${CONFIGURATION}-output-files.xcfilelist",
			);
			runOnlyForDeploymentPostprocessing = 0;
			shellPath = /bin/sh;
			shellScript = "\"${PODS_ROOT}/Target Support Files/Pods-DDPlayMacPlayer/Pods-DDPlayMacPlayer-frameworks.sh\"\n";
			showEnvVarsInLog = 0;
		};
/* End PBXShellScriptBuildPhase section */

/* Begin PBXSourcesBuildPhase section */
		898F402822ECA5A800C082BF /* Sources */ = {
			isa = PBXSourcesBuildPhase;
			buildActionMask = 2147483647;
			files = (
				898F404B22ECA5EB00C082BF /* DDPWindowController.m in Sources */,
				89A8E2072324BA2000F8F161 /* JHBaseDanmaku+DDPTools.m in Sources */,
				893596AD22EF2C1200F3CA1E /* DDPPlayerSlider.m in Sources */,
				89E86DDE234E2FA5008B9409 /* DDPPlayerMessage+DDPTools.m in Sources */,
				8985823123530E24005D5BA5 /* DDPPlayerTableCellView.m in Sources */,
				898F403C22ECA5A900C082BF /* main.m in Sources */,
				897B4A9722ED749500B910BD /* DDPMediaPlayer.m in Sources */,
				897B5F3B2332652B00BAAB6F /* DDPDanmakuModeMenuItem.m in Sources */,
				898F403122ECA5A800C082BF /* AppDelegate.m in Sources */,
				8914868C232B8619000A5CD5 /* DDPPlayTopBar.m in Sources */,
				891116C422EF294B00D545A5 /* NSControl+DDPTools.m in Sources */,
				897B4A6E22ED716400B910BD /* DDPPlayerControlView.m in Sources */,
				897B5F3523325F8D00BAAB6F /* NSColor+DDPTools.m in Sources */,
				89148686232B79A4000A5CD5 /* DDPPlayView.m in Sources */,
				8988168F232BDE9C0003D159 /* DDPTextField.m in Sources */,
				89352C2E232011DD00399F33 /* DDPBaseMessage+Hook.m in Sources */,
				898F404622ECA5C700C082BF /* DDPPlayViewController.m in Sources */,
				8985822A23530D43005D5BA5 /* DDPPlayerListView.m in Sources */,
				897B5F3223325F5D00BAAB6F /* DDPDanmakuColorMenuItem.m in Sources */,
				89261D6D23238E4D00A0C372 /* DDPDanmakuManager.m in Sources */,
				891116C322EF294B00D545A5 /* NSView+DDPTools.m in Sources */,
				89881620232BCF4A0003D159 /* DDPHUD.m in Sources */,
				897803D82336046200B38ACE /* DDPProgressIndicator.m in Sources */,
			);
			runOnlyForDeploymentPostprocessing = 0;
		};
/* End PBXSourcesBuildPhase section */

/* Begin PBXVariantGroup section */
		898F403722ECA5A900C082BF /* Main.storyboard */ = {
			isa = PBXVariantGroup;
			children = (
				898F403822ECA5A900C082BF /* Base */,
			);
			name = Main.storyboard;
			sourceTree = "<group>";
		};
/* End PBXVariantGroup section */

/* Begin XCBuildConfiguration section */
		898F403E22ECA5A900C082BF /* Debug */ = {
			isa = XCBuildConfiguration;
			buildSettings = {
				ALWAYS_SEARCH_USER_PATHS = NO;
				CLANG_ANALYZER_NONNULL = YES;
				CLANG_ANALYZER_NUMBER_OBJECT_CONVERSION = YES_AGGRESSIVE;
				CLANG_CXX_LANGUAGE_STANDARD = "gnu++14";
				CLANG_CXX_LIBRARY = "libc++";
				CLANG_ENABLE_MODULES = YES;
				CLANG_ENABLE_OBJC_ARC = YES;
				CLANG_ENABLE_OBJC_WEAK = YES;
				CLANG_WARN_BLOCK_CAPTURE_AUTORELEASING = YES;
				CLANG_WARN_BOOL_CONVERSION = YES;
				CLANG_WARN_COMMA = YES;
				CLANG_WARN_CONSTANT_CONVERSION = YES;
				CLANG_WARN_DEPRECATED_OBJC_IMPLEMENTATIONS = YES;
				CLANG_WARN_DIRECT_OBJC_ISA_USAGE = YES_ERROR;
				CLANG_WARN_DOCUMENTATION_COMMENTS = YES;
				CLANG_WARN_EMPTY_BODY = YES;
				CLANG_WARN_ENUM_CONVERSION = YES;
				CLANG_WARN_INFINITE_RECURSION = YES;
				CLANG_WARN_INT_CONVERSION = YES;
				CLANG_WARN_NON_LITERAL_NULL_CONVERSION = YES;
				CLANG_WARN_OBJC_IMPLICIT_RETAIN_SELF = YES;
				CLANG_WARN_OBJC_LITERAL_CONVERSION = YES;
				CLANG_WARN_OBJC_ROOT_CLASS = YES_ERROR;
				CLANG_WARN_RANGE_LOOP_ANALYSIS = YES;
				CLANG_WARN_STRICT_PROTOTYPES = YES;
				CLANG_WARN_SUSPICIOUS_MOVE = YES;
				CLANG_WARN_UNGUARDED_AVAILABILITY = YES_AGGRESSIVE;
				CLANG_WARN_UNREACHABLE_CODE = YES;
				CLANG_WARN__DUPLICATE_METHOD_MATCH = YES;
				CODE_SIGN_IDENTITY = "Mac Developer";
				COPY_PHASE_STRIP = NO;
				DEBUG_INFORMATION_FORMAT = dwarf;
				ENABLE_STRICT_OBJC_MSGSEND = YES;
				ENABLE_TESTABILITY = YES;
				GCC_C_LANGUAGE_STANDARD = gnu11;
				GCC_DYNAMIC_NO_PIC = NO;
				GCC_NO_COMMON_BLOCKS = YES;
				GCC_OPTIMIZATION_LEVEL = 0;
				GCC_PREPROCESSOR_DEFINITIONS = (
					"DEBUG=1",
					"$(inherited)",
				);
				GCC_WARN_64_TO_32_BIT_CONVERSION = YES;
				GCC_WARN_ABOUT_RETURN_TYPE = YES_ERROR;
				GCC_WARN_UNDECLARED_SELECTOR = YES;
				GCC_WARN_UNINITIALIZED_AUTOS = YES_AGGRESSIVE;
				GCC_WARN_UNUSED_FUNCTION = YES;
				GCC_WARN_UNUSED_VARIABLE = YES;
				MACOSX_DEPLOYMENT_TARGET = 10.15;
				MTL_ENABLE_DEBUG_INFO = INCLUDE_SOURCE;
				MTL_FAST_MATH = YES;
				ONLY_ACTIVE_ARCH = YES;
				SDKROOT = macosx;
			};
			name = Debug;
		};
		898F403F22ECA5A900C082BF /* Release */ = {
			isa = XCBuildConfiguration;
			buildSettings = {
				ALWAYS_SEARCH_USER_PATHS = NO;
				CLANG_ANALYZER_NONNULL = YES;
				CLANG_ANALYZER_NUMBER_OBJECT_CONVERSION = YES_AGGRESSIVE;
				CLANG_CXX_LANGUAGE_STANDARD = "gnu++14";
				CLANG_CXX_LIBRARY = "libc++";
				CLANG_ENABLE_MODULES = YES;
				CLANG_ENABLE_OBJC_ARC = YES;
				CLANG_ENABLE_OBJC_WEAK = YES;
				CLANG_WARN_BLOCK_CAPTURE_AUTORELEASING = YES;
				CLANG_WARN_BOOL_CONVERSION = YES;
				CLANG_WARN_COMMA = YES;
				CLANG_WARN_CONSTANT_CONVERSION = YES;
				CLANG_WARN_DEPRECATED_OBJC_IMPLEMENTATIONS = YES;
				CLANG_WARN_DIRECT_OBJC_ISA_USAGE = YES_ERROR;
				CLANG_WARN_DOCUMENTATION_COMMENTS = YES;
				CLANG_WARN_EMPTY_BODY = YES;
				CLANG_WARN_ENUM_CONVERSION = YES;
				CLANG_WARN_INFINITE_RECURSION = YES;
				CLANG_WARN_INT_CONVERSION = YES;
				CLANG_WARN_NON_LITERAL_NULL_CONVERSION = YES;
				CLANG_WARN_OBJC_IMPLICIT_RETAIN_SELF = YES;
				CLANG_WARN_OBJC_LITERAL_CONVERSION = YES;
				CLANG_WARN_OBJC_ROOT_CLASS = YES_ERROR;
				CLANG_WARN_RANGE_LOOP_ANALYSIS = YES;
				CLANG_WARN_STRICT_PROTOTYPES = YES;
				CLANG_WARN_SUSPICIOUS_MOVE = YES;
				CLANG_WARN_UNGUARDED_AVAILABILITY = YES_AGGRESSIVE;
				CLANG_WARN_UNREACHABLE_CODE = YES;
				CLANG_WARN__DUPLICATE_METHOD_MATCH = YES;
				CODE_SIGN_IDENTITY = "Mac Developer";
				COPY_PHASE_STRIP = NO;
				DEBUG_INFORMATION_FORMAT = "dwarf-with-dsym";
				ENABLE_NS_ASSERTIONS = NO;
				ENABLE_STRICT_OBJC_MSGSEND = YES;
				GCC_C_LANGUAGE_STANDARD = gnu11;
				GCC_NO_COMMON_BLOCKS = YES;
				GCC_WARN_64_TO_32_BIT_CONVERSION = YES;
				GCC_WARN_ABOUT_RETURN_TYPE = YES_ERROR;
				GCC_WARN_UNDECLARED_SELECTOR = YES;
				GCC_WARN_UNINITIALIZED_AUTOS = YES_AGGRESSIVE;
				GCC_WARN_UNUSED_FUNCTION = YES;
				GCC_WARN_UNUSED_VARIABLE = YES;
				MACOSX_DEPLOYMENT_TARGET = 10.15;
				MTL_ENABLE_DEBUG_INFO = NO;
				MTL_FAST_MATH = YES;
				SDKROOT = macosx;
			};
			name = Release;
		};
		898F404122ECA5A900C082BF /* Debug */ = {
			isa = XCBuildConfiguration;
			baseConfigurationReference = AF5E03536CF8487F6EF66DD2 /* Pods-DDPlayMacPlayer.debug.xcconfig */;
			buildSettings = {
				ASSETCATALOG_COMPILER_APPICON_NAME = AppIcon;
				CODE_SIGN_IDENTITY = "Apple Development";
				CODE_SIGN_STYLE = Automatic;
				COMBINE_HIDPI_IMAGES = YES;
				CURRENT_PROJECT_VERSION = 201911;
				DEVELOPMENT_TEAM = Q35T78D2D5;
				ENABLE_HARDENED_RUNTIME = YES;
				GCC_PREFIX_HEADER = "${SRCROOT}/DDPlayMacPlayer/Config/DDPPrefixHeader.pch";
				INFOPLIST_FILE = DDPlayMacPlayer/Info.plist;
				LD_RUNPATH_SEARCH_PATHS = (
					"$(inherited)",
					"@executable_path/../Frameworks",
				);
				PRODUCT_BUNDLE_IDENTIFIER = com.dandanplay.DDPlayMacPlayer;
				PRODUCT_NAME = "$(TARGET_NAME)";
				PROVISIONING_PROFILE_SPECIFIER = "";
			};
			name = Debug;
		};
		898F404222ECA5A900C082BF /* Release */ = {
			isa = XCBuildConfiguration;
			baseConfigurationReference = 57485024FC38AE686741EC55 /* Pods-DDPlayMacPlayer.release.xcconfig */;
			buildSettings = {
				ASSETCATALOG_COMPILER_APPICON_NAME = AppIcon;
				CODE_SIGN_IDENTITY = "Apple Development";
				CODE_SIGN_STYLE = Automatic;
				COMBINE_HIDPI_IMAGES = YES;
				CURRENT_PROJECT_VERSION = 201911;
				DEVELOPMENT_TEAM = Q35T78D2D5;
				ENABLE_HARDENED_RUNTIME = YES;
				GCC_PREFIX_HEADER = "${SRCROOT}/DDPlayMacPlayer/Config/DDPPrefixHeader.pch";
				INFOPLIST_FILE = DDPlayMacPlayer/Info.plist;
				LD_RUNPATH_SEARCH_PATHS = (
					"$(inherited)",
					"@executable_path/../Frameworks",
				);
				PRODUCT_BUNDLE_IDENTIFIER = com.dandanplay.DDPlayMacPlayer;
				PRODUCT_NAME = "$(TARGET_NAME)";
				PROVISIONING_PROFILE_SPECIFIER = "";
			};
			name = Release;
		};
/* End XCBuildConfiguration section */

/* Begin XCConfigurationList section */
		898F402722ECA5A800C082BF /* Build configuration list for PBXProject "DDPlayMacPlayer" */ = {
			isa = XCConfigurationList;
			buildConfigurations = (
				898F403E22ECA5A900C082BF /* Debug */,
				898F403F22ECA5A900C082BF /* Release */,
			);
			defaultConfigurationIsVisible = 0;
			defaultConfigurationName = Release;
		};
		898F404022ECA5A900C082BF /* Build configuration list for PBXNativeTarget "DDPlayMacPlayer" */ = {
			isa = XCConfigurationList;
			buildConfigurations = (
				898F404122ECA5A900C082BF /* Debug */,
				898F404222ECA5A900C082BF /* Release */,
			);
			defaultConfigurationIsVisible = 0;
			defaultConfigurationName = Release;
		};
/* End XCConfigurationList section */
	};
	rootObject = 898F402422ECA5A800C082BF /* Project object */;
}
